
Microsoft Visual Studio Solution File, Format Version 12.00
# Visual Studio Version 17
VisualStudioVersion = 17.11.35431.28
MinimumVisualStudioVersion = 10.0.40219.1
Project("{FAE04EC0-301F-11D3-BF4B-00C04F79EFBC}") = "Dot_net_ModelViewController", "Dot_net_ModelViewController.csproj", "{DA1114AE-877D-4D16-B287-3D8B0148507B}"
EndProject
Global
	GlobalSection(SolutionConfigurationPlatforms) = preSolution
		Debug|Any CPU = Debug|Any CPU
		Release|Any CPU = Release|Any CPU
	EndGlobalSection
	GlobalSection(ProjectConfigurationPlatforms) = postSolution
		{DA1114AE-877D-4D16-B287-3D8B0148507B}.Debug|Any CPU.ActiveCfg = Debug|Any CPU
		{DA1114AE-877D-4D16-B287-3D8B0148507B}.Debug|Any CPU.Build.0 = Debug|Any CPU
		{DA1114AE-877D-4D16-B287-3D8B0148507B}.Release|Any CPU.ActiveCfg = Release|Any CPU
		{DA1114AE-877D-4D16-B287-3D8B0148507B}.Release|Any CPU.Build.0 = Release|Any CPU
	EndGlobalSection
	GlobalSection(SolutionProperties) = preSolution
		HideSolutionNode = FALSE
	EndGlobalSection
	GlobalSection(ExtensibilityGlobals) = postSolution
		SolutionGuid = {6BC0EA74-3ED9-454F-959F-CE8CC9F212DD}
	EndGlobalSection
EndGlobal
